
Microsoft Visual Studio Solution File, Format Version 12.00
# Visual Studio Version 16
VisualStudioVersion = 16.0.30002.166
MinimumVisualStudioVersion = 10.0.40219.1
Project("{FAE04EC0-301F-11D3-BF4B-00C04F79EFBC}") = "OOP_lab_3_15_3", "OOP_lab_3_15_3\OOP_lab_3_15_3.csproj", "{78F57C2C-3D06-46EF-BD1B-E069729AE97F}"
EndProject
Project("{2150E333-8FDC-42A3-9474-1A3956D46DE8}") = "Solution Items", "Solution Items", "{C7137988-53D6-4D5D-B909-5AFB69F5E18C}"
	ProjectSection(SolutionItems) = preProject
		.travis.yml = .travis.yml
	EndProjectSection
EndProject
Global
	GlobalSection(SolutionConfigurationPlatforms) = preSolution
		Debug|Any CPU = Debug|Any CPU
		Release|Any CPU = Release|Any CPU
	EndGlobalSection
	GlobalSection(ProjectConfigurationPlatforms) = postSolution
		{78F57C2C-3D06-46EF-BD1B-E069729AE97F}.Debug|Any CPU.ActiveCfg = Debug|Any CPU
		{78F57C2C-3D06-46EF-BD1B-E069729AE97F}.Debug|Any CPU.Build.0 = Debug|Any CPU
		{78F57C2C-3D06-46EF-BD1B-E069729AE97F}.Release|Any CPU.ActiveCfg = Release|Any CPU
		{78F57C2C-3D06-46EF-BD1B-E069729AE97F}.Release|Any CPU.Build.0 = Release|Any CPU
	EndGlobalSection
	GlobalSection(SolutionProperties) = preSolution
		HideSolutionNode = FALSE
	EndGlobalSection
	GlobalSection(ExtensibilityGlobals) = postSolution
		SolutionGuid = {390FEB9D-0D77-4322-9084-8B671ED47210}
	EndGlobalSection
EndGlobal
